github.com/PieterSmith81/dog v0.0.0-20250611120843-742e11e59f4e h1:n2u1OtjpekQ3ZiAq+1cYqnwYyBSNpLorby0Pv+HmUts=
github.com/PieterSmith81/dog v0.0.0-20250611120843-742e11e59f4e/go.mod h1:aZX1F3vDQr1QpigeLLsdn7jKpuFUMIGICq2qmVaQD/Q=
github.com/PieterSmith81/dog v0.0.0-20250611123124-210450e2cdad h1:02Obs9Avpg0uF3E4yoo0IzB+YmJFhaWgEsrBT9Tqx8w=
github.com/PieterSmith81/dog v0.0.0-20250611123124-210450e2cdad/go.mod h1:aZX1F3vDQr1QpigeLLsdn7jKpuFUMIGICq2qmVaQD/Q=
