github.com/PieterSmith81/dog v0.0.0-20250611120843-742e11e59f4e h1:n2u1OtjpekQ3ZiAq+1cYqnwYyBSNpLorby0Pv+HmUts=
github.com/PieterSmith81/dog v0.0.0-20250611120843-742e11e59f4e/go.mod h1:aZX1F3vDQr1QpigeLLsdn7jKpuFUMIGICq2qmVaQD/Q=
github.com/PieterSmith81/dog v0.0.0-20250611123124-210450e2cdad h1:02Obs9Avpg0uF3E4yoo0IzB+YmJFhaWgEsrBT9Tqx8w=
github.com/PieterSmith81/dog v0.0.0-20250611123124-210450e2cdad/go.mod h1:aZX1F3vDQr1QpigeLLsdn7jKpuFUMIGICq2qmVaQD/Q=
github.com/PieterSmith81/puppy v0.0.0-20250611121933-69cfd7982daa h1:CHvVJbwqjG7fyPvpcQ3GeCRsOiLz1HGun+W0ElWZOA8=
github.com/PieterSmith81/puppy v0.0.0-20250611121933-69cfd7982daa/go.mod h1:oLb3yU3HS0hfucEIP8AI5wTHYo8KOU8x96xWEUcwV9Y=
github.com/PieterSmith81/puppy v0.0.0-20250611123658-6456a41bf716 h1:Zmx3fYsX4yZgUCBGdy4RlWxIAzNe2M6p+brQdGSyKAE=
github.com/PieterSmith81/puppy v0.0.0-20250611123658-6456a41bf716/go.mod h1:UVYR9j/ZF+dwBwesPa68yhH4j8XZ6AlwIxGruju7mEg=
